lockfileVersion: '6.0'

settings:
  autoInstallPeers: true
  excludeLinksFromLockfile: false

dependencies:
  ws:
    specifier: ~0.4.27
    version: 0.4.32

packages:

  /commander@2.1.0:
    resolution: {integrity: sha512-J2wnb6TKniXNOtoHS8TSrG9IOQluPrsmyAJ8oCUJOBmv+uLBCyPYAZkD2jFvw2DCzIXNnISIM01NIvr35TkBMQ==}
    engines: {node: '>= 0.6.x'}
    dev: false

  /nan@1.0.0:
    resolution: {integrity: sha512-Wm2/nFOm2y9HtJfgOLnctGbfvF23FcQZeyUZqDD8JQG3zO5kXh3MkQKiUaA68mJiVWrOzLFkAV1u6bC8P52DJA==}
    dev: false

  /options@0.0.6:
    resolution: {integrity: sha512-bOj3L1ypm++N+n7CEbbe473A414AB7z+amKYshRb//iuL3MpdDCLhPnw6aVTdKB9g5ZRVHIEp8eUln6L2NUStg==}
    engines: {node: '>=0.4.0'}
    dev: false

  /tinycolor@0.0.1:
    resolution: {integrity: sha512-+CorETse1kl98xg0WAzii8DTT4ABF4R3nquhrkIbVGcw1T8JYs5Gfx9xEfGINPUZGDj9C4BmOtuKeaTtuuRolg==}
    engines: {node: '>=0.4.0'}
    dev: false

  /ws@0.4.32:
    resolution: {integrity: sha512-htqsS0U9Z9lb3ITjidQkRvkLdVhQePrMeu475yEfOWkAYvJ6dSjQp1tOH6ugaddzX5b7sQjMPNtY71eTzrV/kA==}
    engines: {node: '>=0.4.0'}
    hasBin: true
    requiresBuild: true
    peerDependencies:
      bufferutil: ^4.0.1
      utf-8-validate: ^5.0.2
    peerDependenciesMeta:
      bufferutil:
        optional: true
      utf-8-validate:
        optional: true
    dependencies:
      commander: 2.1.0
      nan: 1.0.0
      options: 0.0.6
      tinycolor: 0.0.1
    dev: false
